
Microsoft Visual Studio Solution File, Format Version 12.00
# Visual Studio Version 17
VisualStudioVersion = 17.8.34330.188
MinimumVisualStudioVersion = 10.0.40219.1
Project("{FAE04EC0-301F-11D3-BF4B-00C04F79EFBC}") = "LuftbornTask", "LuftbornTask\LuftbornTask.csproj", "{BF464E93-6E9A-4F97-A6FD-9913DF6095C8}"
EndProject
Global
	GlobalSection(SolutionConfigurationPlatforms) = preSolution
		Debug|Any CPU = Debug|Any CPU
		Release|Any CPU = Release|Any CPU
	EndGlobalSection
	GlobalSection(ProjectConfigurationPlatforms) = postSolution
		{BF464E93-6E9A-4F97-A6FD-9913DF6095C8}.Debug|Any CPU.ActiveCfg = Debug|Any CPU
		{BF464E93-6E9A-4F97-A6FD-9913DF6095C8}.Debug|Any CPU.Build.0 = Debug|Any CPU
		{BF464E93-6E9A-4F97-A6FD-9913DF6095C8}.Release|Any CPU.ActiveCfg = Release|Any CPU
		{BF464E93-6E9A-4F97-A6FD-9913DF6095C8}.Release|Any CPU.Build.0 = Release|Any CPU
	EndGlobalSection
	GlobalSection(SolutionProperties) = preSolution
		HideSolutionNode = FALSE
	EndGlobalSection
	GlobalSection(ExtensibilityGlobals) = postSolution
		SolutionGuid = {B040A127-FE6B-4D9B-8802-8D4C89AE0456}
	EndGlobalSection
EndGlobal
